
Microsoft Visual Studio Solution File, Format Version 12.00
# Visual Studio Version 16
VisualStudioVersion = 16.0.29709.97
MinimumVisualStudioVersion = 10.0.40219.1
Project("{FAE04EC0-301F-11D3-BF4B-00C04F79EFBC}") = "BrightIdeas", "BrightIdeas\BrightIdeas.csproj", "{97B9EBD3-CB98-4165-9281-497C1C348997}"
EndProject
Global
	GlobalSection(SolutionConfigurationPlatforms) = preSolution
		Debug|Any CPU = Debug|Any CPU
		Release|Any CPU = Release|Any CPU
	EndGlobalSection
	GlobalSection(ProjectConfigurationPlatforms) = postSolution
		{97B9EBD3-CB98-4165-9281-497C1C348997}.Debug|Any CPU.ActiveCfg = Debug|Any CPU
		{97B9EBD3-CB98-4165-9281-497C1C348997}.Debug|Any CPU.Build.0 = Debug|Any CPU
		{97B9EBD3-CB98-4165-9281-497C1C348997}.Release|Any CPU.ActiveCfg = Release|Any CPU
		{97B9EBD3-CB98-4165-9281-497C1C348997}.Release|Any CPU.Build.0 = Release|Any CPU
	EndGlobalSection
	GlobalSection(SolutionProperties) = preSolution
		HideSolutionNode = FALSE
	EndGlobalSection
	GlobalSection(ExtensibilityGlobals) = postSolution
		SolutionGuid = {0F82449D-6E43-4F3A-9343-FC104C6BB9AA}
	EndGlobalSection
EndGlobal
